// !$*UTF8*$!
{
	archiveVersion = 1;
	classes = {
	};
	objectVersion = 50;
	objects = {

/* Begin PBXBuildFile section */
		7A97C0C024FCFFFE004800E3 /* AppDelegate.swift in Sources */ = {isa = PBXBuildFile; fileRef = 7A97C0BF24FCFFFE004800E3 /* AppDelegate.swift */; };
		7A97C0C224FCFFFE004800E3 /* SceneDelegate.swift in Sources */ = {isa = PBXBuildFile; fileRef = 7A97C0C124FCFFFE004800E3 /* SceneDelegate.swift */; };
		7A97C0C424FCFFFE004800E3 /* ViewController.swift in Sources */ = {isa = PBXBuildFile; fileRef = 7A97C0C324FCFFFE004800E3 /* ViewController.swift */; };
		7A97C0C724FCFFFE004800E3 /* Main.storyboard in Resources */ = {isa = PBXBuildFile; fileRef = 7A97C0C524FCFFFE004800E3 /* Main.storyboard */; };
		7A97C0CA24FCFFFE004800E3 /* GoShopping.xcdatamodeld in Sources */ = {isa = PBXBuildFile; fileRef = 7A97C0C824FCFFFE004800E3 /* GoShopping.xcdatamodeld */; };
		7A97C0CC24FD0002004800E3 /* Assets.xcassets in Resources */ = {isa = PBXBuildFile; fileRef = 7A97C0CB24FD0002004800E3 /* Assets.xcassets */; };
		7A97C0CF24FD0002004800E3 /* LaunchScreen.storyboard in Resources */ = {isa = PBXBuildFile; fileRef = 7A97C0CD24FD0002004800E3 /* LaunchScreen.storyboard */; };
/* End PBXBuildFile section */

/* Begin PBXFileReference section */
		7A97C0BC24FCFFFE004800E3 /* GoShopping.app */ = {isa = PBXFileReference; explicitFileType = wrapper.application; includeInIndex = 0; path = GoShopping.app; sourceTree = BUILT_PRODUCTS_DIR; };
		7A97C0BF24FCFFFE004800E3 /* AppDelegate.swift */ = {isa = PBXFileReference; lastKnownFileType = sourcecode.swift; path = AppDelegate.swift; sourceTree = "<group>"; };
		7A97C0C124FCFFFE004800E3 /* SceneDelegate.swift */ = {isa = PBXFileReference; lastKnownFileType = sourcecode.swift; path = SceneDelegate.swift; sourceTree = "<group>"; };
		7A97C0C324FCFFFE004800E3 /* ViewController.swift */ = {isa = PBXFileReference; lastKnownFileType = sourcecode.swift; path = ViewController.swift; sourceTree = "<group>"; };
		7A97C0C624FCFFFE004800E3 /* Base */ = {isa = PBXFileReference; lastKnownFileType = file.storyboard; name = Base; path = Base.lproj/Main.storyboard; sourceTree = "<group>"; };
		7A97C0C924FCFFFE004800E3 /* GoShopping.xcdatamodel */ = {isa = PBXFileReference; lastKnownFileType = wrapper.xcdatamodel; path = GoShopping.xcdatamodel; sourceTree = "<group>"; };
		7A97C0CB24FD0002004800E3 /* Assets.xcassets */ = {isa = PBXFileReference; lastKnownFileType = folder.assetcatalog; path = Assets.xcassets; sourceTree = "<group>"; };
		7A97C0CE24FD0002004800E3 /* Base */ = {isa = PBXFileReference; lastKnownFileType = file.storyboard; name = Base; path = Base.lproj/LaunchScreen.storyboard; sourceTree = "<group>"; };
		7A97C0D024FD0002004800E3 /* Info.plist */ = {isa = PBXFileReference; lastKnownFileType = text.plist.xml; path = Info.plist; sourceTree = "<group>"; };
/* End PBXFileReference section */

/* Begin PBXFrameworksBuildPhase section */
		7A97C0B924FCFFFE004800E3 /* Frameworks */ = {
			isa = PBXFrameworksBuildPhase;
			buildActionMask = 2147483647;
			files = (
			);
			runOnlyForDeploymentPostprocessing = 0;
		};
/* End PBXFrameworksBuildPhase section */

/* Begin PBXGroup section */
		7A97C0B324FCFFFE004800E3 = {
			isa = PBXGroup;
			children = (
				7A97C0BE24FCFFFE004800E3 /* GoShopping */,
				7A97C0BD24FCFFFE004800E3 /* Products */,
			);
			sourceTree = "<group>";
		};
		7A97C0BD24FCFFFE004800E3 /* Products */ = {
			isa = PBXGroup;
			children = (
				7A97C0BC24FCFFFE004800E3 /* GoShopping.app */,
			);
			name = Products;
			sourceTree = "<group>";
		};
		7A97C0BE24FCFFFE004800E3 /* GoShopping */ = {
			isa = PBXGroup;
			children = (
				7A97C0BF24FCFFFE004800E3 /* AppDelegate.swift */,
				7A97C0C124FCFFFE004800E3 /* SceneDelegate.swift */,
				7A97C0C324FCFFFE004800E3 /* ViewController.swift */,
				7A97C0C524FCFFFE004800E3 /* Main.storyboard */,
				7A97C0CB24FD0002004800E3 /* Assets.xcassets */,
				7A97C0CD24FD0002004800E3 /* LaunchScreen.storyboard */,
				7A97C0D024FD0002004800E3 /* Info.plist */,
				7A97C0C824FCFFFE004800E3 /* GoShopping.xcdatamodeld */,
			);
			path = GoShopping;
			sourceTree = "<group>";
		};
/* End PBXGroup section */

/* Begin PBXNativeTarget section */
		7A97C0BB24FCFFFE004800E3 /* GoShopping */ = {
			isa = PBXNativeTarget;
			buildConfigurationList = 7A97C0D324FD0002004800E3 /* Build configuration list for PBXNativeTarget "GoShopping" */;
			buildPhases = (
				7A97C0B824FCFFFE004800E3 /* Sources */,
				7A97C0B924FCFFFE004800E3 /* Frameworks */,
				7A97C0BA24FCFFFE004800E3 /* Resources */,
			);
			buildRules = (
			);
			dependencies = (
			);
			name = GoShopping;
			productName = GoShopping;
			productReference = 7A97C0BC24FCFFFE004800E3 /* GoShopping.app */;
			productType = "com.apple.product-type.application";
		};
/* End PBXNativeTarget section */

/* Begin PBXProject section */
		7A97C0B424FCFFFE004800E3 /* Project object */ = {
			isa = PBXProject;
			attributes = {
				LastSwiftUpdateCheck = 1160;
				LastUpgradeCheck = 1160;
				ORGANIZATIONNAME = "Juntao Qiu";
				TargetAttributes = {
					7A97C0BB24FCFFFE004800E3 = {
						CreatedOnToolsVersion = 11.6;
					};
				};
			};
			buildConfigurationList = 7A97C0B724FCFFFE004800E3 /* Build configuration list for PBXProject "GoShopping" */;
			compatibilityVersion = "Xcode 9.3";
			developmentRegion = en;
			hasScannedForEncodings = 0;
			knownRegions = (
				en,
				Base,
			);
			mainGroup = 7A97C0B324FCFFFE004800E3;
			productRefGroup = 7A97C0BD24FCFFFE004800E3 /* Products */;
			projectDirPath = "";
			projectRoot = "";
			targets = (
				7A97C0BB24FCFFFE004800E3 /* GoShopping */,
			);
		};
/* End PBXProject section */

/* Begin PBXResourcesBuildPhase section */
		7A97C0BA24FCFFFE004800E3 /* Resources */ = {
			isa = PBXResourcesBuildPhase;
			buildActionMask = 2147483647;
			files = (
				7A97C0CF24FD0002004800E3 /* LaunchScreen.storyboard in Resources */,
				7A97C0CC24FD0002004800E3 /* Assets.xcassets in Resources */,
				7A97C0C724FCFFFE004800E3 /* Main.storyboard in Resources */,
			);
			runOnlyForDeploymentPostprocessing = 0;
		};
/* End PBXResourcesBuildPhase section */

/* Begin PBXSourcesBuildPhase section */
		7A97C0B824FCFFFE004800E3 /* Sources */ = {
			isa = PBXSourcesBuildPhase;
			buildActionMask = 2147483647;
			files = (
				7A97C0C424FCFFFE004800E3 /* ViewController.swift in Sources */,
				7A97C0CA24FCFFFE004800E3 /* GoShopping.xcdatamodeld in Sources */,
				7A97C0C024FCFFFE004800E3 /* AppDelegate.swift in Sources */,
				7A97C0C224FCFFFE004800E3 /* SceneDelegate.swift in Sources */,
			);
			runOnlyForDeploymentPostprocessing = 0;
		};
/* End PBXSourcesBuildPhase section */

/* Begin PBXVariantGroup section */
		7A97C0C524FCFFFE004800E3 /* Main.storyboard */ = {
			isa = PBXVariantGroup;
			children = (
				7A97C0C624FCFFFE004800E3 /* Base */,
			);
			name = Main.storyboard;
			sourceTree = "<group>";
		};
		7A97C0CD24FD0002004800E3 /* LaunchScreen.storyboard */ = {
			isa = PBXVariantGroup;
			children = (
				7A97C0CE24FD0002004800E3 /* Base */,
			);
			name = LaunchScreen.storyboard;
			sourceTree = "<group>";
		};
/* End PBXVariantGroup section */

/* Begin XCBuildConfiguration section */
		7A97C0D124FD0002004800E3 /* Debug */ = {
			isa = XCBuildConfiguration;
			buildSettings = {
				ALWAYS_SEARCH_USER_PATHS = NO;
				CLANG_ANALYZER_NONNULL = YES;
				CLANG_ANALYZER_NUMBER_OBJECT_CONVERSION = YES_AGGRESSIVE;
				CLANG_CXX_LANGUAGE_STANDARD = "gnu++14";
				CLANG_CXX_LIBRARY = "libc++";
				CLANG_ENABLE_MODULES = YES;
				CLANG_ENABLE_OBJC_ARC = YES;
				CLANG_ENABLE_OBJC_WEAK = YES;
				CLANG_WARN_BLOCK_CAPTURE_AUTORELEASING = YES;
				CLANG_WARN_BOOL_CONVERSION = YES;
				CLANG_WARN_COMMA = YES;
				CLANG_WARN_CONSTANT_CONVERSION = YES;
				CLANG_WARN_DEPRECATED_OBJC_IMPLEMENTATIONS = YES;
				CLANG_WARN_DIRECT_OBJC_ISA_USAGE = YES_ERROR;
				CLANG_WARN_DOCUMENTATION_COMMENTS = YES;
				CLANG_WARN_EMPTY_BODY = YES;
				CLANG_WARN_ENUM_CONVERSION = YES;
				CLANG_WARN_INFINITE_RECURSION = YES;
				CLANG_WARN_INT_CONVERSION = YES;
				CLANG_WARN_NON_LITERAL_NULL_CONVERSION = YES;
				CLANG_WARN_OBJC_IMPLICIT_RETAIN_SELF = YES;
				CLANG_WARN_OBJC_LITERAL_CONVERSION = YES;
				CLANG_WARN_OBJC_ROOT_CLASS = YES_ERROR;
				CLANG_WARN_RANGE_LOOP_ANALYSIS = YES;
				CLANG_WARN_STRICT_PROTOTYPES = YES;
				CLANG_WARN_SUSPICIOUS_MOVE = YES;
				CLANG_WARN_UNGUARDED_AVAILABILITY = YES_AGGRESSIVE;
				CLANG_WARN_UNREACHABLE_CODE = YES;
				CLANG_WARN__DUPLICATE_METHOD_MATCH = YES;
				COPY_PHASE_STRIP = NO;
				DEBUG_INFORMATION_FORMAT = dwarf;
				ENABLE_STRICT_OBJC_MSGSEND = YES;
				ENABLE_TESTABILITY = YES;
				GCC_C_LANGUAGE_STANDARD = gnu11;
				GCC_DYNAMIC_NO_PIC = NO;
				GCC_NO_COMMON_BLOCKS = YES;
				GCC_OPTIMIZATION_LEVEL = 0;
				GCC_PREPROCESSOR_DEFINITIONS = (
					"DEBUG=1",
					"$(inherited)",
				);
				GCC_WARN_64_TO_32_BIT_CONVERSION = YES;
				GCC_WARN_ABOUT_RETURN_TYPE = YES_ERROR;
				GCC_WARN_UNDECLARED_SELECTOR = YES;
				GCC_WARN_UNINITIALIZED_AUTOS = YES_AGGRESSIVE;
				GCC_WARN_UNUSED_FUNCTION = YES;
				GCC_WARN_UNUSED_VARIABLE = YES;
				IPHONEOS_DEPLOYMENT_TARGET = 13.6;
				MTL_ENABLE_DEBUG_INFO = INCLUDE_SOURCE;
				MTL_FAST_MATH = YES;
				ONLY_ACTIVE_ARCH = YES;
				SDKROOT = iphoneos;
				SWIFT_ACTIVE_COMPILATION_CONDITIONS = DEBUG;
				SWIFT_OPTIMIZATION_LEVEL = "-Onone";
			};
			name = Debug;
		};
		7A97C0D224FD0002004800E3 /* Release */ = {
			isa = XCBuildConfiguration;
			buildSettings = {
				ALWAYS_SEARCH_USER_PATHS = NO;
				CLANG_ANALYZER_NONNULL = YES;
				CLANG_ANALYZER_NUMBER_OBJECT_CONVERSION = YES_AGGRESSIVE;
				CLANG_CXX_LANGUAGE_STANDARD = "gnu++14";
				CLANG_CXX_LIBRARY = "libc++";
				CLANG_ENABLE_MODULES = YES;
				CLANG_ENABLE_OBJC_ARC = YES;
				CLANG_ENABLE_OBJC_WEAK = YES;
				CLANG_WARN_BLOCK_CAPTURE_AUTORELEASING = YES;
				CLANG_WARN_BOOL_CONVERSION = YES;
				CLANG_WARN_COMMA = YES;
				CLANG_WARN_CONSTANT_CONVERSION = YES;
				CLANG_WARN_DEPRECATED_OBJC_IMPLEMENTATIONS = YES;
				CLANG_WARN_DIRECT_OBJC_ISA_USAGE = YES_ERROR;
				CLANG_WARN_DOCUMENTATION_COMMENTS = YES;
				CLANG_WARN_EMPTY_BODY = YES;
				CLANG_WARN_ENUM_CONVERSION = YES;
				CLANG_WARN_INFINITE_RECURSION = YES;
				CLANG_WARN_INT_CONVERSION = YES;
				CLANG_WARN_NON_LITERAL_NULL_CONVERSION = YES;
				CLANG_WARN_OBJC_IMPLICIT_RETAIN_SELF = YES;
				CLANG_WARN_OBJC_LITERAL_CONVERSION = YES;
				CLANG_WARN_OBJC_ROOT_CLASS = YES_ERROR;
				CLANG_WARN_RANGE_LOOP_ANALYSIS = YES;
				CLANG_WARN_STRICT_PROTOTYPES = YES;
				CLANG_WARN_SUSPICIOUS_MOVE = YES;
				CLANG_WARN_UNGUARDED_AVAILABILITY = YES_AGGRESSIVE;
				CLANG_WARN_UNREACHABLE_CODE = YES;
				CLANG_WARN__DUPLICATE_METHOD_MATCH = YES;
				COPY_PHASE_STRIP = NO;
				DEBUG_INFORMATION_FORMAT = "dwarf-with-dsym";
				ENABLE_NS_ASSERTIONS = NO;
				ENABLE_STRICT_OBJC_MSGSEND = YES;
				GCC_C_LANGUAGE_STANDARD = gnu11;
				GCC_NO_COMMON_BLOCKS = YES;
				GCC_WARN_64_TO_32_BIT_CONVERSION = YES;
				GCC_WARN_ABOUT_RETURN_TYPE = YES_ERROR;
				GCC_WARN_UNDECLARED_SELECTOR = YES;
				GCC_WARN_UNINITIALIZED_AUTOS = YES_AGGRESSIVE;
				GCC_WARN_UNUSED_FUNCTION = YES;
				GCC_WARN_UNUSED_VARIABLE = YES;
				IPHONEOS_DEPLOYMENT_TARGET = 13.6;
				MTL_ENABLE_DEBUG_INFO = NO;
				MTL_FAST_MATH = YES;
				SDKROOT = iphoneos;
				SWIFT_COMPILATION_MODE = wholemodule;
				SWIFT_OPTIMIZATION_LEVEL = "-O";
				VALIDATE_PRODUCT = YES;
			};
			name = Release;
		};
		7A97C0D424FD0002004800E3 /* Debug */ = {
			isa = XCBuildConfiguration;
			buildSettings = {
				ASSETCATALOG_COMPILER_APPICON_NAME = AppIcon;
				CODE_SIGN_STYLE = Automatic;
				INFOPLIST_FILE = GoShopping/Info.plist;
				LD_RUNPATH_SEARCH_PATHS = (
					"$(inherited)",
					"@executable_path/Frameworks",
				);
				PRODUCT_BUNDLE_IDENTIFIER = com.icodeit.GoShopping;
				PRODUCT_NAME = "$(TARGET_NAME)";
				SWIFT_VERSION = 5.0;
				TARGETED_DEVICE_FAMILY = "1,2";
			};
			name = Debug;
		};
		7A97C0D524FD0002004800E3 /* Release */ = {
			isa = XCBuildConfiguration;
			buildSettings = {
				ASSETCATALOG_COMPILER_APPICON_NAME = AppIcon;
				CODE_SIGN_STYLE = Automatic;
				INFOPLIST_FILE = GoShopping/Info.plist;
				LD_RUNPATH_SEARCH_PATHS = (
					"$(inherited)",
					"@executable_path/Frameworks",
				);
				PRODUCT_BUNDLE_IDENTIFIER = com.icodeit.GoShopping;
				PRODUCT_NAME = "$(TARGET_NAME)";
				SWIFT_VERSION = 5.0;
				TARGETED_DEVICE_FAMILY = "1,2";
			};
			name = Release;
		};
/* End XCBuildConfiguration section */

/* Begin XCConfigurationList section */
		7A97C0B724FCFFFE004800E3 /* Build configuration list for PBXProject "GoShopping" */ = {
			isa = XCConfigurationList;
			buildConfigurations = (
				7A97C0D124FD0002004800E3 /* Debug */,
				7A97C0D224FD0002004800E3 /* Release */,
			);
			defaultConfigurationIsVisible = 0;
			defaultConfigurationName = Release;
		};
		7A97C0D324FD0002004800E3 /* Build configuration list for PBXNativeTarget "GoShopping" */ = {
			isa = XCConfigurationList;
			buildConfigurations = (
				7A97C0D424FD0002004800E3 /* Debug */,
				7A97C0D524FD0002004800E3 /* Release */,
			);
			defaultConfigurationIsVisible = 0;
			defaultConfigurationName = Release;
		};
/* End XCConfigurationList section */

/* Begin XCVersionGroup section */
		7A97C0C824FCFFFE004800E3 /* GoShopping.xcdatamodeld */ = {
			isa = XCVersionGroup;
			children = (
				7A97C0C924FCFFFE004800E3 /* GoShopping.xcdatamodel */,
			);
			currentVersion = 7A97C0C924FCFFFE004800E3 /* GoShopping.xcdatamodel */;
			path = GoShopping.xcdatamodeld;
			sourceTree = "<group>";
			versionGroupType = wrapper.xcdatamodel;
		};
/* End XCVersionGroup section */
	};
	rootObject = 7A97C0B424FCFFFE004800E3 /* Project object */;
}
