// !$*UTF8*$!
{
	archiveVersion = 1;
	classes = {
	};
	objectVersion = 50;
	objects = {

/* Begin PBXBuildFile section */
		7A05369A2503581C00A1C8EB /* DataUtils.swift in Sources */ = {isa = PBXBuildFile; fileRef = 7A0536992503581C00A1C8EB /* DataUtils.swift */; };
		7A05369D25047DF600A1C8EB /* EditingTableViewController.swift in Sources */ = {isa = PBXBuildFile; fileRef = 7A05369B25047DF600A1C8EB /* EditingTableViewController.swift */; };
		7A11D2FB2514CB77002BF321 /* SearchTextField.swift in Sources */ = {isa = PBXBuildFile; fileRef = 7A11D2FA2514CB77002BF321 /* SearchTextField.swift */; };
		7A70742C250A35B0002644D2 /* ImageUtils.swift in Sources */ = {isa = PBXBuildFile; fileRef = 7A70742B250A35B0002644D2 /* ImageUtils.swift */; };
		7A70742F250B3D3F002644D2 /* ItemPreviewViewController.swift in Sources */ = {isa = PBXBuildFile; fileRef = 7A70742D250B3D3F002644D2 /* ItemPreviewViewController.swift */; };
		7A7B9A162512E4FA00BF8936 /* icon_83.5@2x.png in Resources */ = {isa = PBXBuildFile; fileRef = 7A7B9A132512E4F900BF8936 /* icon_83.5@2x.png */; };
		7A7B9A172512E4FA00BF8936 /* Icon.png in Resources */ = {isa = PBXBuildFile; fileRef = 7A7B9A142512E4FA00BF8936 /* Icon.png */; };
		7A7B9A182512E4FA00BF8936 /* icon_76pt@2x.png in Resources */ = {isa = PBXBuildFile; fileRef = 7A7B9A152512E4FA00BF8936 /* icon_76pt@2x.png */; };
		7A8304E2250B9B3D00D4A6A8 /* CanBuysProvider.swift in Sources */ = {isa = PBXBuildFile; fileRef = 7A8304E1250B9B3D00D4A6A8 /* CanBuysProvider.swift */; };
		7A8304E6250B9DBC00D4A6A8 /* Utilities.swift in Sources */ = {isa = PBXBuildFile; fileRef = 7A8304E5250B9DBC00D4A6A8 /* Utilities.swift */; };
		7A8304E8250B9FF800D4A6A8 /* ToBuysProvider.swift in Sources */ = {isa = PBXBuildFile; fileRef = 7A8304E7250B9FF800D4A6A8 /* ToBuysProvider.swift */; };
		7A8304EA250BAA6500D4A6A8 /* DelayedToBuysProvider.swift in Sources */ = {isa = PBXBuildFile; fileRef = 7A8304E9250BAA6500D4A6A8 /* DelayedToBuysProvider.swift */; };
		7A8304F2250DC42700D4A6A8 /* EmptyList.swift in Sources */ = {isa = PBXBuildFile; fileRef = 7A8304F1250DC42700D4A6A8 /* EmptyList.swift */; };
		7A90DDA02506322500DABD5E /* category-cn.json in Resources */ = {isa = PBXBuildFile; fileRef = 7A9F640C2505F7B7000F638C /* category-cn.json */; };
		7A97C0C024FCFFFE004800E3 /* AppDelegate.swift in Sources */ = {isa = PBXBuildFile; fileRef = 7A97C0BF24FCFFFE004800E3 /* AppDelegate.swift */; };
		7A97C0C224FCFFFE004800E3 /* SceneDelegate.swift in Sources */ = {isa = PBXBuildFile; fileRef = 7A97C0C124FCFFFE004800E3 /* SceneDelegate.swift */; };
		7A97C0C724FCFFFE004800E3 /* Main.storyboard in Resources */ = {isa = PBXBuildFile; fileRef = 7A97C0C524FCFFFE004800E3 /* Main.storyboard */; };
		7A97C0CA24FCFFFE004800E3 /* GoShopping.xcdatamodeld in Sources */ = {isa = PBXBuildFile; fileRef = 7A97C0C824FCFFFE004800E3 /* GoShopping.xcdatamodeld */; };
		7A97C0CC24FD0002004800E3 /* Assets.xcassets in Resources */ = {isa = PBXBuildFile; fileRef = 7A97C0CB24FD0002004800E3 /* Assets.xcassets */; };
		7A97C0CF24FD0002004800E3 /* LaunchScreen.storyboard in Resources */ = {isa = PBXBuildFile; fileRef = 7A97C0CD24FD0002004800E3 /* LaunchScreen.storyboard */; };
		7A97C0DC24FD234A004800E3 /* ShoppingCollectionViewController.swift in Sources */ = {isa = PBXBuildFile; fileRef = 7A97C0DA24FD234A004800E3 /* ShoppingCollectionViewController.swift */; };
		7A97C0ED24FDDFF2004800E3 /* category.json in Resources */ = {isa = PBXBuildFile; fileRef = 7A97C0EC24FDDFF2004800E3 /* category.json */; };
		7A97C0EF24FDF4E6004800E3 /* SectionHeader.swift in Sources */ = {isa = PBXBuildFile; fileRef = 7A97C0EE24FDF4E6004800E3 /* SectionHeader.swift */; };
		7A9F6411250624F6000F638C /* Localizable.strings in Resources */ = {isa = PBXBuildFile; fileRef = 7A9F6413250624F6000F638C /* Localizable.strings */; };
		7ADB0200251382C40068961E /* TagTableViewController.swift in Sources */ = {isa = PBXBuildFile; fileRef = 7ADB01FF251382C40068961E /* TagTableViewController.swift */; };
		7ADB0203251383B40068961E /* TagCell.swift in Sources */ = {isa = PBXBuildFile; fileRef = 7ADB0201251383B40068961E /* TagCell.swift */; };
		7ADB0204251383B40068961E /* TagCell.xib in Resources */ = {isa = PBXBuildFile; fileRef = 7ADB0202251383B40068961E /* TagCell.xib */; };
		7ADB02062513852F0068961E /* TagProvider.swift in Sources */ = {isa = PBXBuildFile; fileRef = 7ADB02052513852F0068961E /* TagProvider.swift */; };
		7ADD3C2B2520563000819DFC /* HistoryManager.swift in Sources */ = {isa = PBXBuildFile; fileRef = 7ADD3C2A2520563000819DFC /* HistoryManager.swift */; };
		7ADD3C2E25206CA600819DFC /* ToBuyManager.swift in Sources */ = {isa = PBXBuildFile; fileRef = 7ADD3C2D25206CA600819DFC /* ToBuyManager.swift */; };
		7AE05DA424FE2A3300342844 /* ItemCellView.swift in Sources */ = {isa = PBXBuildFile; fileRef = 7AE05DA224FE2A3300342844 /* ItemCellView.swift */; };
		7AE05DA524FE2A3300342844 /* ItemCellView.xib in Resources */ = {isa = PBXBuildFile; fileRef = 7AE05DA324FE2A3300342844 /* ItemCellView.xib */; };
		7AE05DA724FE5F4000342844 /* BaseTabBarController.swift in Sources */ = {isa = PBXBuildFile; fileRef = 7AE05DA624FE5F4000342844 /* BaseTabBarController.swift */; };
		7AE05DA924FE61BE00342844 /* ToBuyTableViewController.swift in Sources */ = {isa = PBXBuildFile; fileRef = 7AE05DA824FE61BE00342844 /* ToBuyTableViewController.swift */; };
		7AE05DAC24FE62AB00342844 /* ToBuyTableViewCell.swift in Sources */ = {isa = PBXBuildFile; fileRef = 7AE05DAA24FE62AB00342844 /* ToBuyTableViewCell.swift */; };
		7AE05DAD24FE62AB00342844 /* ToBuyTableViewCell.xib in Resources */ = {isa = PBXBuildFile; fileRef = 7AE05DAB24FE62AB00342844 /* ToBuyTableViewCell.xib */; };
		7AE05DAF24FFAF9300342844 /* DelayedTableViewController.swift in Sources */ = {isa = PBXBuildFile; fileRef = 7AE05DAE24FFAF9300342844 /* DelayedTableViewController.swift */; };
/* End PBXBuildFile section */

/* Begin PBXFileReference section */
		7A0536992503581C00A1C8EB /* DataUtils.swift */ = {isa = PBXFileReference; lastKnownFileType = sourcecode.swift; path = DataUtils.swift; sourceTree = "<group>"; };
		7A05369B25047DF600A1C8EB /* EditingTableViewController.swift */ = {isa = PBXFileReference; lastKnownFileType = sourcecode.swift; path = EditingTableViewController.swift; sourceTree = "<group>"; };
		7A11D2FA2514CB77002BF321 /* SearchTextField.swift */ = {isa = PBXFileReference; lastKnownFileType = sourcecode.swift; path = SearchTextField.swift; sourceTree = "<group>"; };
		7A70742B250A35B0002644D2 /* ImageUtils.swift */ = {isa = PBXFileReference; lastKnownFileType = sourcecode.swift; path = ImageUtils.swift; sourceTree = "<group>"; };
		7A70742D250B3D3F002644D2 /* ItemPreviewViewController.swift */ = {isa = PBXFileReference; lastKnownFileType = sourcecode.swift; path = ItemPreviewViewController.swift; sourceTree = "<group>"; };
		7A7B9A132512E4F900BF8936 /* icon_83.5@2x.png */ = {isa = PBXFileReference; lastKnownFileType = image.png; path = "icon_83.5@2x.png"; sourceTree = "<group>"; };
		7A7B9A142512E4FA00BF8936 /* Icon.png */ = {isa = PBXFileReference; lastKnownFileType = image.png; path = Icon.png; sourceTree = "<group>"; };
		7A7B9A152512E4FA00BF8936 /* icon_76pt@2x.png */ = {isa = PBXFileReference; lastKnownFileType = image.png; path = "icon_76pt@2x.png"; sourceTree = "<group>"; };
		7A8304E1250B9B3D00D4A6A8 /* CanBuysProvider.swift */ = {isa = PBXFileReference; lastKnownFileType = sourcecode.swift; path = CanBuysProvider.swift; sourceTree = "<group>"; };
		7A8304E5250B9DBC00D4A6A8 /* Utilities.swift */ = {isa = PBXFileReference; lastKnownFileType = sourcecode.swift; path = Utilities.swift; sourceTree = "<group>"; };
		7A8304E7250B9FF800D4A6A8 /* ToBuysProvider.swift */ = {isa = PBXFileReference; fileEncoding = 4; lastKnownFileType = sourcecode.swift; path = ToBuysProvider.swift; sourceTree = "<group>"; };
		7A8304E9250BAA6500D4A6A8 /* DelayedToBuysProvider.swift */ = {isa = PBXFileReference; fileEncoding = 4; lastKnownFileType = sourcecode.swift; path = DelayedToBuysProvider.swift; sourceTree = "<group>"; };
		7A8304F1250DC42700D4A6A8 /* EmptyList.swift */ = {isa = PBXFileReference; lastKnownFileType = sourcecode.swift; path = EmptyList.swift; sourceTree = "<group>"; };
		7A90DDA22506507600DABD5E /* en */ = {isa = PBXFileReference; lastKnownFileType = text.plist.strings; name = en; path = en.lproj/LaunchScreen.strings; sourceTree = "<group>"; };
		7A97C0BC24FCFFFE004800E3 /* To Buy.app */ = {isa = PBXFileReference; explicitFileType = wrapper.application; includeInIndex = 0; path = "To Buy.app"; sourceTree = BUILT_PRODUCTS_DIR; };
		7A97C0BF24FCFFFE004800E3 /* AppDelegate.swift */ = {isa = PBXFileReference; lastKnownFileType = sourcecode.swift; path = AppDelegate.swift; sourceTree = "<group>"; };
		7A97C0C124FCFFFE004800E3 /* SceneDelegate.swift */ = {isa = PBXFileReference; lastKnownFileType = sourcecode.swift; path = SceneDelegate.swift; sourceTree = "<group>"; };
		7A97C0C624FCFFFE004800E3 /* Base */ = {isa = PBXFileReference; lastKnownFileType = file.storyboard; name = Base; path = Base.lproj/Main.storyboard; sourceTree = "<group>"; };
		7A97C0C924FCFFFE004800E3 /* GoShopping.xcdatamodel */ = {isa = PBXFileReference; lastKnownFileType = wrapper.xcdatamodel; path = GoShopping.xcdatamodel; sourceTree = "<group>"; };
		7A97C0CB24FD0002004800E3 /* Assets.xcassets */ = {isa = PBXFileReference; lastKnownFileType = folder.assetcatalog; path = Assets.xcassets; sourceTree = "<group>"; };
		7A97C0CE24FD0002004800E3 /* Base */ = {isa = PBXFileReference; lastKnownFileType = file.storyboard; name = Base; path = Base.lproj/LaunchScreen.storyboard; sourceTree = "<group>"; };
		7A97C0D024FD0002004800E3 /* Info.plist */ = {isa = PBXFileReference; lastKnownFileType = text.plist.xml; path = Info.plist; sourceTree = "<group>"; };
		7A97C0DA24FD234A004800E3 /* ShoppingCollectionViewController.swift */ = {isa = PBXFileReference; lastKnownFileType = sourcecode.swift; path = ShoppingCollectionViewController.swift; sourceTree = "<group>"; };
		7A97C0EC24FDDFF2004800E3 /* category.json */ = {isa = PBXFileReference; lastKnownFileType = text.json; path = category.json; sourceTree = "<group>"; };
		7A97C0EE24FDF4E6004800E3 /* SectionHeader.swift */ = {isa = PBXFileReference; lastKnownFileType = sourcecode.swift; path = SectionHeader.swift; sourceTree = "<group>"; };
		7A9F640C2505F7B7000F638C /* category-cn.json */ = {isa = PBXFileReference; lastKnownFileType = text.json; path = "category-cn.json"; sourceTree = "<group>"; };
		7A9F640D250621DD000F638C /* zh-Hans */ = {isa = PBXFileReference; lastKnownFileType = text.plist.strings; name = "zh-Hans"; path = "zh-Hans.lproj/LaunchScreen.strings"; sourceTree = "<group>"; };
		7A9F640E250621DD000F638C /* zh-Hans */ = {isa = PBXFileReference; lastKnownFileType = text.plist.strings; name = "zh-Hans"; path = "zh-Hans.lproj/Main.strings"; sourceTree = "<group>"; };
		7A9F6412250624F6000F638C /* en */ = {isa = PBXFileReference; lastKnownFileType = text.plist.strings; name = en; path = en.lproj/Localizable.strings; sourceTree = "<group>"; };
		7A9F641425062504000F638C /* zh-Hans */ = {isa = PBXFileReference; lastKnownFileType = text.plist.strings; name = "zh-Hans"; path = "zh-Hans.lproj/Localizable.strings"; sourceTree = "<group>"; };
		7A9F641625062B87000F638C /* en */ = {isa = PBXFileReference; lastKnownFileType = text.plist.strings; name = en; path = en.lproj/Main.strings; sourceTree = "<group>"; };
		7AC923C52508EE9000789398 /* GoShopping.entitlements */ = {isa = PBXFileReference; lastKnownFileType = text.plist.entitlements; path = GoShopping.entitlements; sourceTree = "<group>"; };
		7AC923C62508F82100789398 /* README.md */ = {isa = PBXFileReference; lastKnownFileType = net.daringfireball.markdown; path = README.md; sourceTree = "<group>"; };
		7ADB01FF251382C40068961E /* TagTableViewController.swift */ = {isa = PBXFileReference; lastKnownFileType = sourcecode.swift; path = TagTableViewController.swift; sourceTree = "<group>"; };
		7ADB0201251383B40068961E /* TagCell.swift */ = {isa = PBXFileReference; lastKnownFileType = sourcecode.swift; path = TagCell.swift; sourceTree = "<group>"; };
		7ADB0202251383B40068961E /* TagCell.xib */ = {isa = PBXFileReference; lastKnownFileType = file.xib; path = TagCell.xib; sourceTree = "<group>"; };
		7ADB02052513852F0068961E /* TagProvider.swift */ = {isa = PBXFileReference; lastKnownFileType = sourcecode.swift; name = TagProvider.swift; path = ../TagProvider.swift; sourceTree = "<group>"; };
		7ADD3C2A2520563000819DFC /* HistoryManager.swift */ = {isa = PBXFileReference; lastKnownFileType = sourcecode.swift; path = HistoryManager.swift; sourceTree = "<group>"; };
		7ADD3C2D25206CA600819DFC /* ToBuyManager.swift */ = {isa = PBXFileReference; lastKnownFileType = sourcecode.swift; path = ToBuyManager.swift; sourceTree = "<group>"; };
		7AE05DA224FE2A3300342844 /* ItemCellView.swift */ = {isa = PBXFileReference; lastKnownFileType = sourcecode.swift; path = ItemCellView.swift; sourceTree = "<group>"; };
		7AE05DA324FE2A3300342844 /* ItemCellView.xib */ = {isa = PBXFileReference; lastKnownFileType = file.xib; path = ItemCellView.xib; sourceTree = "<group>"; };
		7AE05DA624FE5F4000342844 /* BaseTabBarController.swift */ = {isa = PBXFileReference; lastKnownFileType = sourcecode.swift; path = BaseTabBarController.swift; sourceTree = "<group>"; };
		7AE05DA824FE61BE00342844 /* ToBuyTableViewController.swift */ = {isa = PBXFileReference; lastKnownFileType = sourcecode.swift; path = ToBuyTableViewController.swift; sourceTree = "<group>"; };
		7AE05DAA24FE62AB00342844 /* ToBuyTableViewCell.swift */ = {isa = PBXFileReference; lastKnownFileType = sourcecode.swift; path = ToBuyTableViewCell.swift; sourceTree = "<group>"; };
		7AE05DAB24FE62AB00342844 /* ToBuyTableViewCell.xib */ = {isa = PBXFileReference; lastKnownFileType = file.xib; path = ToBuyTableViewCell.xib; sourceTree = "<group>"; };
		7AE05DAE24FFAF9300342844 /* DelayedTableViewController.swift */ = {isa = PBXFileReference; lastKnownFileType = sourcecode.swift; path = DelayedTableViewController.swift; sourceTree = "<group>"; };
/* End PBXFileReference section */

/* Begin PBXFrameworksBuildPhase section */
		7A97C0B924FCFFFE004800E3 /* Frameworks */ = {
			isa = PBXFrameworksBuildPhase;
			buildActionMask = 2147483647;
			files = (
			);
			runOnlyForDeploymentPostprocessing = 0;
		};
/* End PBXFrameworksBuildPhase section */

/* Begin PBXGroup section */
		7A97C0B324FCFFFE004800E3 = {
			isa = PBXGroup;
			children = (
				7AC923C62508F82100789398 /* README.md */,
				7A97C0BE24FCFFFE004800E3 /* GoShopping */,
				7A97C0BD24FCFFFE004800E3 /* Products */,
			);
			sourceTree = "<group>";
		};
		7A97C0BD24FCFFFE004800E3 /* Products */ = {
			isa = PBXGroup;
			children = (
				7A97C0BC24FCFFFE004800E3 /* To Buy.app */,
			);
			name = Products;
			sourceTree = "<group>";
		};
		7A97C0BE24FCFFFE004800E3 /* GoShopping */ = {
			isa = PBXGroup;
			children = (
				7AC923C52508EE9000789398 /* GoShopping.entitlements */,
				7A9F6413250624F6000F638C /* Localizable.strings */,
				7ADB01FE2513826A0068961E /* Tags */,
				7A9F64092505E50F000F638C /* Shared */,
				7A9F64082505E415000F638C /* DelayedView */,
				7A9F64072505E3FE000F638C /* ToBuyView */,
				7A9F64062505E3ED000F638C /* CanBuyView */,
				7A9F64052505E3B4000F638C /* Data */,
				7A97C0EB24FDDF99004800E3 /* Resources */,
				7A97C0BF24FCFFFE004800E3 /* AppDelegate.swift */,
				7A97C0C124FCFFFE004800E3 /* SceneDelegate.swift */,
				7A97C0CB24FD0002004800E3 /* Assets.xcassets */,
				7A97C0CD24FD0002004800E3 /* LaunchScreen.storyboard */,
				7A97C0C524FCFFFE004800E3 /* Main.storyboard */,
				7A97C0D024FD0002004800E3 /* Info.plist */,
				7A97C0C824FCFFFE004800E3 /* GoShopping.xcdatamodeld */,
			);
			path = GoShopping;
			sourceTree = "<group>";
		};
		7A97C0EB24FDDF99004800E3 /* Resources */ = {
			isa = PBXGroup;
			children = (
				7A7B9A152512E4FA00BF8936 /* icon_76pt@2x.png */,
				7A7B9A132512E4F900BF8936 /* icon_83.5@2x.png */,
				7A7B9A142512E4FA00BF8936 /* Icon.png */,
				7A97C0EC24FDDFF2004800E3 /* category.json */,
				7A9F640C2505F7B7000F638C /* category-cn.json */,
			);
			path = Resources;
			sourceTree = "<group>";
		};
		7A9F64052505E3B4000F638C /* Data */ = {
			isa = PBXGroup;
			children = (
				7A70742B250A35B0002644D2 /* ImageUtils.swift */,
				7A0536992503581C00A1C8EB /* DataUtils.swift */,
				7A8304E1250B9B3D00D4A6A8 /* CanBuysProvider.swift */,
				7A8304E7250B9FF800D4A6A8 /* ToBuysProvider.swift */,
				7A8304E9250BAA6500D4A6A8 /* DelayedToBuysProvider.swift */,
				7ADB02052513852F0068961E /* TagProvider.swift */,
				7A8304E5250B9DBC00D4A6A8 /* Utilities.swift */,
				7ADD3C2A2520563000819DFC /* HistoryManager.swift */,
				7ADD3C2D25206CA600819DFC /* ToBuyManager.swift */,
			);
			path = Data;
			sourceTree = "<group>";
		};
		7A9F64062505E3ED000F638C /* CanBuyView */ = {
			isa = PBXGroup;
			children = (
				7A05369B25047DF600A1C8EB /* EditingTableViewController.swift */,
				7AE05DA224FE2A3300342844 /* ItemCellView.swift */,
				7AE05DA324FE2A3300342844 /* ItemCellView.xib */,
				7A97C0EE24FDF4E6004800E3 /* SectionHeader.swift */,
				7A97C0DA24FD234A004800E3 /* ShoppingCollectionViewController.swift */,
			);
			path = CanBuyView;
			sourceTree = "<group>";
		};
		7A9F64072505E3FE000F638C /* ToBuyView */ = {
			isa = PBXGroup;
			children = (
				7AE05DA824FE61BE00342844 /* ToBuyTableViewController.swift */,
			);
			path = ToBuyView;
			sourceTree = "<group>";
		};
		7A9F64082505E415000F638C /* DelayedView */ = {
			isa = PBXGroup;
			children = (
				7AE05DAE24FFAF9300342844 /* DelayedTableViewController.swift */,
			);
			path = DelayedView;
			sourceTree = "<group>";
		};
		7A9F64092505E50F000F638C /* Shared */ = {
			isa = PBXGroup;
			children = (
				7AE05DA624FE5F4000342844 /* BaseTabBarController.swift */,
				7AE05DAA24FE62AB00342844 /* ToBuyTableViewCell.swift */,
				7AE05DAB24FE62AB00342844 /* ToBuyTableViewCell.xib */,
				7A70742D250B3D3F002644D2 /* ItemPreviewViewController.swift */,
				7A8304F1250DC42700D4A6A8 /* EmptyList.swift */,
				7A11D2FA2514CB77002BF321 /* SearchTextField.swift */,
			);
			path = Shared;
			sourceTree = "<group>";
		};
		7ADB01FE2513826A0068961E /* Tags */ = {
			isa = PBXGroup;
			children = (
				7ADB01FF251382C40068961E /* TagTableViewController.swift */,
				7ADB0201251383B40068961E /* TagCell.swift */,
				7ADB0202251383B40068961E /* TagCell.xib */,
			);
			path = Tags;
			sourceTree = "<group>";
		};
/* End PBXGroup section */

/* Begin PBXNativeTarget section */
		7A97C0BB24FCFFFE004800E3 /* GoShopping */ = {
			isa = PBXNativeTarget;
			buildConfigurationList = 7A97C0D324FD0002004800E3 /* Build configuration list for PBXNativeTarget "GoShopping" */;
			buildPhases = (
				7A97C0B824FCFFFE004800E3 /* Sources */,
				7A97C0B924FCFFFE004800E3 /* Frameworks */,
				7A97C0BA24FCFFFE004800E3 /* Resources */,
			);
			buildRules = (
			);
			dependencies = (
			);
			name = GoShopping;
			productName = GoShopping;
			productReference = 7A97C0BC24FCFFFE004800E3 /* To Buy.app */;
			productType = "com.apple.product-type.application";
		};
/* End PBXNativeTarget section */

/* Begin PBXProject section */
		7A97C0B424FCFFFE004800E3 /* Project object */ = {
			isa = PBXProject;
			attributes = {
				LastSwiftUpdateCheck = 1160;
				LastUpgradeCheck = 1200;
				ORGANIZATIONNAME = "Juntao Qiu";
				TargetAttributes = {
					7A97C0BB24FCFFFE004800E3 = {
						CreatedOnToolsVersion = 11.6;
					};
				};
			};
			buildConfigurationList = 7A97C0B724FCFFFE004800E3 /* Build configuration list for PBXProject "GoShopping" */;
			compatibilityVersion = "Xcode 9.3";
			developmentRegion = en;
			hasScannedForEncodings = 0;
			knownRegions = (
				en,
				Base,
				"zh-Hans",
			);
			mainGroup = 7A97C0B324FCFFFE004800E3;
			productRefGroup = 7A97C0BD24FCFFFE004800E3 /* Products */;
			projectDirPath = "";
			projectRoot = "";
			targets = (
				7A97C0BB24FCFFFE004800E3 /* GoShopping */,
			);
		};
/* End PBXProject section */

/* Begin PBXResourcesBuildPhase section */
		7A97C0BA24FCFFFE004800E3 /* Resources */ = {
			isa = PBXResourcesBuildPhase;
			buildActionMask = 2147483647;
			files = (
				7ADB0204251383B40068961E /* TagCell.xib in Resources */,
				7A97C0CF24FD0002004800E3 /* LaunchScreen.storyboard in Resources */,
				7AE05DAD24FE62AB00342844 /* ToBuyTableViewCell.xib in Resources */,
				7A7B9A172512E4FA00BF8936 /* Icon.png in Resources */,
				7AE05DA524FE2A3300342844 /* ItemCellView.xib in Resources */,
				7A7B9A182512E4FA00BF8936 /* icon_76pt@2x.png in Resources */,
				7A9F6411250624F6000F638C /* Localizable.strings in Resources */,
				7A90DDA02506322500DABD5E /* category-cn.json in Resources */,
				7A97C0ED24FDDFF2004800E3 /* category.json in Resources */,
				7A97C0CC24FD0002004800E3 /* Assets.xcassets in Resources */,
				7A7B9A162512E4FA00BF8936 /* icon_83.5@2x.png in Resources */,
				7A97C0C724FCFFFE004800E3 /* Main.storyboard in Resources */,
			);
			runOnlyForDeploymentPostprocessing = 0;
		};
/* End PBXResourcesBuildPhase section */

/* Begin PBXSourcesBuildPhase section */
		7A97C0B824FCFFFE004800E3 /* Sources */ = {
			isa = PBXSourcesBuildPhase;
			buildActionMask = 2147483647;
			files = (
				7A97C0DC24FD234A004800E3 /* ShoppingCollectionViewController.swift in Sources */,
				7A8304EA250BAA6500D4A6A8 /* DelayedToBuysProvider.swift in Sources */,
				7ADD3C2E25206CA600819DFC /* ToBuyManager.swift in Sources */,
				7ADB0200251382C40068961E /* TagTableViewController.swift in Sources */,
				7ADB02062513852F0068961E /* TagProvider.swift in Sources */,
				7A8304E2250B9B3D00D4A6A8 /* CanBuysProvider.swift in Sources */,
				7AE05DA924FE61BE00342844 /* ToBuyTableViewController.swift in Sources */,
				7A97C0EF24FDF4E6004800E3 /* SectionHeader.swift in Sources */,
				7AE05DA724FE5F4000342844 /* BaseTabBarController.swift in Sources */,
				7AE05DAF24FFAF9300342844 /* DelayedTableViewController.swift in Sources */,
				7A11D2FB2514CB77002BF321 /* SearchTextField.swift in Sources */,
				7A8304F2250DC42700D4A6A8 /* EmptyList.swift in Sources */,
				7A8304E6250B9DBC00D4A6A8 /* Utilities.swift in Sources */,
				7ADD3C2B2520563000819DFC /* HistoryManager.swift in Sources */,
				7A70742C250A35B0002644D2 /* ImageUtils.swift in Sources */,
				7AE05DA424FE2A3300342844 /* ItemCellView.swift in Sources */,
				7A05369A2503581C00A1C8EB /* DataUtils.swift in Sources */,
				7A97C0CA24FCFFFE004800E3 /* GoShopping.xcdatamodeld in Sources */,
				7ADB0203251383B40068961E /* TagCell.swift in Sources */,
				7A97C0C024FCFFFE004800E3 /* AppDelegate.swift in Sources */,
				7A05369D25047DF600A1C8EB /* EditingTableViewController.swift in Sources */,
				7AE05DAC24FE62AB00342844 /* ToBuyTableViewCell.swift in Sources */,
				7A70742F250B3D3F002644D2 /* ItemPreviewViewController.swift in Sources */,
				7A8304E8250B9FF800D4A6A8 /* ToBuysProvider.swift in Sources */,
				7A97C0C224FCFFFE004800E3 /* SceneDelegate.swift in Sources */,
			);
			runOnlyForDeploymentPostprocessing = 0;
		};
/* End PBXSourcesBuildPhase section */

/* Begin PBXVariantGroup section */
		7A97C0C524FCFFFE004800E3 /* Main.storyboard */ = {
			isa = PBXVariantGroup;
			children = (
				7A97C0C624FCFFFE004800E3 /* Base */,
				7A9F640E250621DD000F638C /* zh-Hans */,
				7A9F641625062B87000F638C /* en */,
			);
			name = Main.storyboard;
			sourceTree = "<group>";
		};
		7A97C0CD24FD0002004800E3 /* LaunchScreen.storyboard */ = {
			isa = PBXVariantGroup;
			children = (
				7A97C0CE24FD0002004800E3 /* Base */,
				7A9F640D250621DD000F638C /* zh-Hans */,
				7A90DDA22506507600DABD5E /* en */,
			);
			name = LaunchScreen.storyboard;
			sourceTree = "<group>";
		};
		7A9F6413250624F6000F638C /* Localizable.strings */ = {
			isa = PBXVariantGroup;
			children = (
				7A9F6412250624F6000F638C /* en */,
				7A9F641425062504000F638C /* zh-Hans */,
			);
			name = Localizable.strings;
			sourceTree = "<group>";
		};
/* End PBXVariantGroup section */

/* Begin XCBuildConfiguration section */
		7A97C0D124FD0002004800E3 /* Debug */ = {
			isa = XCBuildConfiguration;
			buildSettings = {
				ALWAYS_SEARCH_USER_PATHS = NO;
				CLANG_ANALYZER_LOCALIZABILITY_NONLOCALIZED = YES;
				CLANG_ANALYZER_NONNULL = YES;
				CLANG_ANALYZER_NUMBER_OBJECT_CONVERSION = YES_AGGRESSIVE;
				CLANG_CXX_LANGUAGE_STANDARD = "gnu++14";
				CLANG_CXX_LIBRARY = "libc++";
				CLANG_ENABLE_MODULES = YES;
				CLANG_ENABLE_OBJC_ARC = YES;
				CLANG_ENABLE_OBJC_WEAK = YES;
				CLANG_WARN_BLOCK_CAPTURE_AUTORELEASING = YES;
				CLANG_WARN_BOOL_CONVERSION = YES;
				CLANG_WARN_COMMA = YES;
				CLANG_WARN_CONSTANT_CONVERSION = YES;
				CLANG_WARN_DEPRECATED_OBJC_IMPLEMENTATIONS = YES;
				CLANG_WARN_DIRECT_OBJC_ISA_USAGE = YES_ERROR;
				CLANG_WARN_DOCUMENTATION_COMMENTS = YES;
				CLANG_WARN_EMPTY_BODY = YES;
				CLANG_WARN_ENUM_CONVERSION = YES;
				CLANG_WARN_INFINITE_RECURSION = YES;
				CLANG_WARN_INT_CONVERSION = YES;
				CLANG_WARN_NON_LITERAL_NULL_CONVERSION = YES;
				CLANG_WARN_OBJC_IMPLICIT_RETAIN_SELF = YES;
				CLANG_WARN_OBJC_LITERAL_CONVERSION = YES;
				CLANG_WARN_OBJC_ROOT_CLASS = YES_ERROR;
				CLANG_WARN_QUOTED_INCLUDE_IN_FRAMEWORK_HEADER = YES;
				CLANG_WARN_RANGE_LOOP_ANALYSIS = YES;
				CLANG_WARN_STRICT_PROTOTYPES = YES;
				CLANG_WARN_SUSPICIOUS_MOVE = YES;
				CLANG_WARN_UNGUARDED_AVAILABILITY = YES_AGGRESSIVE;
				CLANG_WARN_UNREACHABLE_CODE = YES;
				CLANG_WARN__DUPLICATE_METHOD_MATCH = YES;
				COPY_PHASE_STRIP = NO;
				DEBUG_INFORMATION_FORMAT = dwarf;
				ENABLE_STRICT_OBJC_MSGSEND = YES;
				ENABLE_TESTABILITY = YES;
				GCC_C_LANGUAGE_STANDARD = gnu11;
				GCC_DYNAMIC_NO_PIC = NO;
				GCC_NO_COMMON_BLOCKS = YES;
				GCC_OPTIMIZATION_LEVEL = 0;
				GCC_PREPROCESSOR_DEFINITIONS = (
					"DEBUG=1",
					"$(inherited)",
				);
				GCC_WARN_64_TO_32_BIT_CONVERSION = YES;
				GCC_WARN_ABOUT_RETURN_TYPE = YES_ERROR;
				GCC_WARN_UNDECLARED_SELECTOR = YES;
				GCC_WARN_UNINITIALIZED_AUTOS = YES_AGGRESSIVE;
				GCC_WARN_UNUSED_FUNCTION = YES;
				GCC_WARN_UNUSED_VARIABLE = YES;
				IPHONEOS_DEPLOYMENT_TARGET = 13.0;
				MTL_ENABLE_DEBUG_INFO = INCLUDE_SOURCE;
				MTL_FAST_MATH = YES;
				ONLY_ACTIVE_ARCH = YES;
				SDKROOT = iphoneos;
				SWIFT_ACTIVE_COMPILATION_CONDITIONS = DEBUG;
				SWIFT_OPTIMIZATION_LEVEL = "-Onone";
			};
			name = Debug;
		};
		7A97C0D224FD0002004800E3 /* Release */ = {
			isa = XCBuildConfiguration;
			buildSettings = {
				ALWAYS_SEARCH_USER_PATHS = NO;
				CLANG_ANALYZER_LOCALIZABILITY_NONLOCALIZED = YES;
				CLANG_ANALYZER_NONNULL = YES;
				CLANG_ANALYZER_NUMBER_OBJECT_CONVERSION = YES_AGGRESSIVE;
				CLANG_CXX_LANGUAGE_STANDARD = "gnu++14";
				CLANG_CXX_LIBRARY = "libc++";
				CLANG_ENABLE_MODULES = YES;
				CLANG_ENABLE_OBJC_ARC = YES;
				CLANG_ENABLE_OBJC_WEAK = YES;
				CLANG_WARN_BLOCK_CAPTURE_AUTORELEASING = YES;
				CLANG_WARN_BOOL_CONVERSION = YES;
				CLANG_WARN_COMMA = YES;
				CLANG_WARN_CONSTANT_CONVERSION = YES;
				CLANG_WARN_DEPRECATED_OBJC_IMPLEMENTATIONS = YES;
				CLANG_WARN_DIRECT_OBJC_ISA_USAGE = YES_ERROR;
				CLANG_WARN_DOCUMENTATION_COMMENTS = YES;
				CLANG_WARN_EMPTY_BODY = YES;
				CLANG_WARN_ENUM_CONVERSION = YES;
				CLANG_WARN_INFINITE_RECURSION = YES;
				CLANG_WARN_INT_CONVERSION = YES;
				CLANG_WARN_NON_LITERAL_NULL_CONVERSION = YES;
				CLANG_WARN_OBJC_IMPLICIT_RETAIN_SELF = YES;
				CLANG_WARN_OBJC_LITERAL_CONVERSION = YES;
				CLANG_WARN_OBJC_ROOT_CLASS = YES_ERROR;
				CLANG_WARN_QUOTED_INCLUDE_IN_FRAMEWORK_HEADER = YES;
				CLANG_WARN_RANGE_LOOP_ANALYSIS = YES;
				CLANG_WARN_STRICT_PROTOTYPES = YES;
				CLANG_WARN_SUSPICIOUS_MOVE = YES;
				CLANG_WARN_UNGUARDED_AVAILABILITY = YES_AGGRESSIVE;
				CLANG_WARN_UNREACHABLE_CODE = YES;
				CLANG_WARN__DUPLICATE_METHOD_MATCH = YES;
				COPY_PHASE_STRIP = NO;
				DEBUG_INFORMATION_FORMAT = "dwarf-with-dsym";
				ENABLE_NS_ASSERTIONS = NO;
				ENABLE_STRICT_OBJC_MSGSEND = YES;
				GCC_C_LANGUAGE_STANDARD = gnu11;
				GCC_NO_COMMON_BLOCKS = YES;
				GCC_WARN_64_TO_32_BIT_CONVERSION = YES;
				GCC_WARN_ABOUT_RETURN_TYPE = YES_ERROR;
				GCC_WARN_UNDECLARED_SELECTOR = YES;
				GCC_WARN_UNINITIALIZED_AUTOS = YES_AGGRESSIVE;
				GCC_WARN_UNUSED_FUNCTION = YES;
				GCC_WARN_UNUSED_VARIABLE = YES;
				IPHONEOS_DEPLOYMENT_TARGET = 13.0;
				MTL_ENABLE_DEBUG_INFO = NO;
				MTL_FAST_MATH = YES;
				SDKROOT = iphoneos;
				SWIFT_COMPILATION_MODE = wholemodule;
				SWIFT_OPTIMIZATION_LEVEL = "-O";
				VALIDATE_PRODUCT = YES;
			};
			name = Release;
		};
		7A97C0D424FD0002004800E3 /* Debug */ = {
			isa = XCBuildConfiguration;
			buildSettings = {
				ASSETCATALOG_COMPILER_APPICON_NAME = AppIcon;
				CODE_SIGN_ENTITLEMENTS = GoShopping/GoShopping.entitlements;
				CODE_SIGN_STYLE = Automatic;
				CURRENT_PROJECT_VERSION = 1;
				DEVELOPMENT_TEAM = E774YU8Y62;
				INFOPLIST_FILE = GoShopping/Info.plist;
				LD_RUNPATH_SEARCH_PATHS = (
					"$(inherited)",
					"@executable_path/Frameworks",
				);
				MARKETING_VERSION = 1.4.0;
				PRODUCT_BUNDLE_IDENTIFIER = com.icodeit.GoShopping;
				PRODUCT_NAME = "To Buy";
				SUPPORTS_MACCATALYST = NO;
				SWIFT_VERSION = 5.0;
				TARGETED_DEVICE_FAMILY = "1,2";
			};
			name = Debug;
		};
		7A97C0D524FD0002004800E3 /* Release */ = {
			isa = XCBuildConfiguration;
			buildSettings = {
				ASSETCATALOG_COMPILER_APPICON_NAME = AppIcon;
				CODE_SIGN_ENTITLEMENTS = GoShopping/GoShopping.entitlements;
				CODE_SIGN_STYLE = Automatic;
				CURRENT_PROJECT_VERSION = 1;
				DEVELOPMENT_TEAM = E774YU8Y62;
				INFOPLIST_FILE = GoShopping/Info.plist;
				LD_RUNPATH_SEARCH_PATHS = (
					"$(inherited)",
					"@executable_path/Frameworks",
				);
				MARKETING_VERSION = 1.4.0;
				PRODUCT_BUNDLE_IDENTIFIER = com.icodeit.GoShopping;
				PRODUCT_NAME = "To Buy";
				SUPPORTS_MACCATALYST = NO;
				SWIFT_VERSION = 5.0;
				TARGETED_DEVICE_FAMILY = "1,2";
			};
			name = Release;
		};
/* End XCBuildConfiguration section */

/* Begin XCConfigurationList section */
		7A97C0B724FCFFFE004800E3 /* Build configuration list for PBXProject "GoShopping" */ = {
			isa = XCConfigurationList;
			buildConfigurations = (
				7A97C0D124FD0002004800E3 /* Debug */,
				7A97C0D224FD0002004800E3 /* Release */,
			);
			defaultConfigurationIsVisible = 0;
			defaultConfigurationName = Release;
		};
		7A97C0D324FD0002004800E3 /* Build configuration list for PBXNativeTarget "GoShopping" */ = {
			isa = XCConfigurationList;
			buildConfigurations = (
				7A97C0D424FD0002004800E3 /* Debug */,
				7A97C0D524FD0002004800E3 /* Release */,
			);
			defaultConfigurationIsVisible = 0;
			defaultConfigurationName = Release;
		};
/* End XCConfigurationList section */

/* Begin XCVersionGroup section */
		7A97C0C824FCFFFE004800E3 /* GoShopping.xcdatamodeld */ = {
			isa = XCVersionGroup;
			children = (
				7A97C0C924FCFFFE004800E3 /* GoShopping.xcdatamodel */,
			);
			currentVersion = 7A97C0C924FCFFFE004800E3 /* GoShopping.xcdatamodel */;
			path = GoShopping.xcdatamodeld;
			sourceTree = "<group>";
			versionGroupType = wrapper.xcdatamodel;
		};
/* End XCVersionGroup section */
	};
	rootObject = 7A97C0B424FCFFFE004800E3 /* Project object */;
}
